github.com/aceofkid/posix_mq v0.0.3 h1:xOZWVHpSrqLzQplUD+tqgtzup5k3yjsX7lnbBmISUL0=
github.com/aceofkid/posix_mq v0.0.3/go.mod h1:NZLrdMEV8+Eq6PetfCgAvICMP09DT5ubrPCSWUD3lac=
github.com/google/flatbuffers v1.12.1 h1:MVlul7pQNoDzWRLTw5imwYsl+usrS1TXG2H4jg6ImGw=
github.com/google/flatbuffers v1.12.1/go.mod h1:1AeVuKshWv4vARoZatz6mlQ0JxURH0Kv5+zNeJKJCa8=
